
Microsoft Visual Studio Solution File, Format Version 12.00
# Visual Studio Version 17
VisualStudioVersion = 17.0.31912.275
MinimumVisualStudioVersion = 10.0.40219.1
Project("{9A19103F-16F7-4668-BE54-9A1E7A4F7556}") = "TStore", "TStore\TStore.csproj", "{74B9AB32-1CEF-481C-B6BF-4EBA60CE2084}"
EndProject
Project("{FAE04EC0-301F-11D3-BF4B-00C04F79EFBC}") = "TStore.StreamingServer", "TStore.StreamingServer\TStore.StreamingServer.csproj", "{FCDB5093-C40C-4CE6-8727-8B13F38E3EA0}"
EndProject
Global
	GlobalSection(SolutionConfigurationPlatforms) = preSolution
		Debug|Any CPU = Debug|Any CPU
		Release|Any CPU = Release|Any CPU
	EndGlobalSection
	GlobalSection(ProjectConfigurationPlatforms) = postSolution
		{74B9AB32-1CEF-481C-B6BF-4EBA60CE2084}.Debug|Any CPU.ActiveCfg = Debug|Any CPU
		{74B9AB32-1CEF-481C-B6BF-4EBA60CE2084}.Debug|Any CPU.Build.0 = Debug|Any CPU
		{74B9AB32-1CEF-481C-B6BF-4EBA60CE2084}.Release|Any CPU.ActiveCfg = Release|Any CPU
		{74B9AB32-1CEF-481C-B6BF-4EBA60CE2084}.Release|Any CPU.Build.0 = Release|Any CPU
		{FCDB5093-C40C-4CE6-8727-8B13F38E3EA0}.Debug|Any CPU.ActiveCfg = Debug|Any CPU
		{FCDB5093-C40C-4CE6-8727-8B13F38E3EA0}.Debug|Any CPU.Build.0 = Debug|Any CPU
		{FCDB5093-C40C-4CE6-8727-8B13F38E3EA0}.Release|Any CPU.ActiveCfg = Release|Any CPU
		{FCDB5093-C40C-4CE6-8727-8B13F38E3EA0}.Release|Any CPU.Build.0 = Release|Any CPU
	EndGlobalSection
	GlobalSection(SolutionProperties) = preSolution
		HideSolutionNode = FALSE
	EndGlobalSection
	GlobalSection(ExtensibilityGlobals) = postSolution
		SolutionGuid = {0C4EF5A0-88AE-4032-9189-E15DF0C754C4}
	EndGlobalSection
EndGlobal
